
Microsoft Visual Studio Solution File, Format Version 12.00
# Visual Studio Version 18
VisualStudioVersion = 18.3.11505.172
MinimumVisualStudioVersion = 10.0.40219.1
Project("{FAE04EC0-301F-11D3-BF4B-00C04F79EFBC}") = "RainVolumeControl", "RainVolumeControl.csproj", "{083E6397-E5A7-CBD0-A490-5FD2DA800FD0}"
EndProject
Global
	GlobalSection(SolutionConfigurationPlatforms) = preSolution
		Debug|Any CPU = Debug|Any CPU
		Package|Any CPU = Package|Any CPU
		Release|Any CPU = Release|Any CPU
	EndGlobalSection
	GlobalSection(ProjectConfigurationPlatforms) = postSolution
		{083E6397-E5A7-CBD0-A490-5FD2DA800FD0}.Debug|Any CPU.ActiveCfg = Debug|Any CPU
		{083E6397-E5A7-CBD0-A490-5FD2DA800FD0}.Debug|Any CPU.Build.0 = Debug|Any CPU
		{083E6397-E5A7-CBD0-A490-5FD2DA800FD0}.Package|Any CPU.ActiveCfg = Package|Any CPU
		{083E6397-E5A7-CBD0-A490-5FD2DA800FD0}.Package|Any CPU.Build.0 = Package|Any CPU
		{083E6397-E5A7-CBD0-A490-5FD2DA800FD0}.Release|Any CPU.ActiveCfg = Release|Any CPU
		{083E6397-E5A7-CBD0-A490-5FD2DA800FD0}.Release|Any CPU.Build.0 = Release|Any CPU
	EndGlobalSection
	GlobalSection(SolutionProperties) = preSolution
		HideSolutionNode = FALSE
	EndGlobalSection
	GlobalSection(ExtensibilityGlobals) = postSolution
		SolutionGuid = {0C06756A-BF69-48A7-9FD1-7FFCD0821D50}
	EndGlobalSection
EndGlobal
